
Microsoft Visual Studio Solution File, Format Version 12.00
# Visual Studio Version 17
VisualStudioVersion = 17.14.37111.16 d17.14
MinimumVisualStudioVersion = 10.0.40219.1
Project("{FAE04EC0-301F-11D3-BF4B-00C04F79EFBC}") = "ProgrammingTechnologiesTask1.Data", "ProgrammingTechnologiesTask1.Data\ProgrammingTechnologiesTask1.Data.csproj", "{F0EE7FCA-69C9-49D8-9FE4-2260651C11F9}"
EndProject
Project("{FAE04EC0-301F-11D3-BF4B-00C04F79EFBC}") = "ProgrammingTechnologiesTask1.Logic", "ProgrammingTechnologiesTask1.Logic\ProgrammingTechnologiesTask1.Logic.csproj", "{5F5D963A-FD3A-4F53-B8E0-9BFFAC1BA681}"
EndProject
Project("{FAE04EC0-301F-11D3-BF4B-00C04F79EFBC}") = "ProgrammingTechnologiesTask1.Tests", "ProgrammingTechnologiesTask1.Tests\ProgrammingTechnologiesTask1.Tests.csproj", "{8463746F-2C7A-457D-B457-CDD7B6C55983}"
EndProject
Global
	GlobalSection(SolutionConfigurationPlatforms) = preSolution
		Debug|Any CPU = Debug|Any CPU
		Release|Any CPU = Release|Any CPU
	EndGlobalSection
	GlobalSection(ProjectConfigurationPlatforms) = postSolution
		{F0EE7FCA-69C9-49D8-9FE4-2260651C11F9}.Debug|Any CPU.ActiveCfg = Debug|Any CPU
		{F0EE7FCA-69C9-49D8-9FE4-2260651C11F9}.Debug|Any CPU.Build.0 = Debug|Any CPU
		{F0EE7FCA-69C9-49D8-9FE4-2260651C11F9}.Release|Any CPU.ActiveCfg = Release|Any CPU
		{F0EE7FCA-69C9-49D8-9FE4-2260651C11F9}.Release|Any CPU.Build.0 = Release|Any CPU
		{5F5D963A-FD3A-4F53-B8E0-9BFFAC1BA681}.Debug|Any CPU.ActiveCfg = Debug|Any CPU
		{5F5D963A-FD3A-4F53-B8E0-9BFFAC1BA681}.Debug|Any CPU.Build.0 = Debug|Any CPU
		{5F5D963A-FD3A-4F53-B8E0-9BFFAC1BA681}.Release|Any CPU.ActiveCfg = Release|Any CPU
		{5F5D963A-FD3A-4F53-B8E0-9BFFAC1BA681}.Release|Any CPU.Build.0 = Release|Any CPU
		{8463746F-2C7A-457D-B457-CDD7B6C55983}.Debug|Any CPU.ActiveCfg = Debug|Any CPU
		{8463746F-2C7A-457D-B457-CDD7B6C55983}.Debug|Any CPU.Build.0 = Debug|Any CPU
		{8463746F-2C7A-457D-B457-CDD7B6C55983}.Release|Any CPU.ActiveCfg = Release|Any CPU
		{8463746F-2C7A-457D-B457-CDD7B6C55983}.Release|Any CPU.Build.0 = Release|Any CPU
	EndGlobalSection
	GlobalSection(SolutionProperties) = preSolution
		HideSolutionNode = FALSE
	EndGlobalSection
	GlobalSection(ExtensibilityGlobals) = postSolution
		SolutionGuid = {4EED6685-C45D-4706-AB2A-BCD0FA411CDA}
	EndGlobalSection
EndGlobal
