
Microsoft Visual Studio Solution File, Format Version 12.00
# Visual Studio Version 17
VisualStudioVersion = 17.14.37111.16 d17.14
MinimumVisualStudioVersion = 10.0.40219.1
Project("{FAE04EC0-301F-11D3-BF4B-00C04F79EFBC}") = "ProgrammingTechnologiesTask0.Data", "ProgrammingTechnologiesTask0.Data\ProgrammingTechnologiesTask0.Data.csproj", "{895F2E12-32F6-4DF7-B884-48539B019D68}"
EndProject
Project("{FAE04EC0-301F-11D3-BF4B-00C04F79EFBC}") = "ProgrammingTechnologiesTask0.Logic", "ProgrammingTechnologiesTask0.Logic\ProgrammingTechnologiesTask0.Logic.csproj", "{FC0E2E6C-4D15-4860-BB75-2FF8BDAB0A3C}"
EndProject
Project("{FAE04EC0-301F-11D3-BF4B-00C04F79EFBC}") = "ProgrammingTechnologiesTask0.Tests", "ProgrammingTechnologiesTask0.Tests\ProgrammingTechnologiesTask0.Tests.csproj", "{BE54A296-5C70-42E4-9A52-14D72440054F}"
EndProject
Project("{2150E333-8FDC-42A3-9474-1A3956D46DE8}") = "Elementos de la solución", "Elementos de la solución", "{D107F4C8-89CC-BEA8-D3D7-CA6B7733353D}"
	ProjectSection(SolutionItems) = preProject
		.gitignore = .gitignore
		README.md = README.md
	EndProjectSection
EndProject
Global
	GlobalSection(SolutionConfigurationPlatforms) = preSolution
		Debug|Any CPU = Debug|Any CPU
		Release|Any CPU = Release|Any CPU
	EndGlobalSection
	GlobalSection(ProjectConfigurationPlatforms) = postSolution
		{895F2E12-32F6-4DF7-B884-48539B019D68}.Debug|Any CPU.ActiveCfg = Debug|Any CPU
		{895F2E12-32F6-4DF7-B884-48539B019D68}.Debug|Any CPU.Build.0 = Debug|Any CPU
		{895F2E12-32F6-4DF7-B884-48539B019D68}.Release|Any CPU.ActiveCfg = Release|Any CPU
		{895F2E12-32F6-4DF7-B884-48539B019D68}.Release|Any CPU.Build.0 = Release|Any CPU
		{FC0E2E6C-4D15-4860-BB75-2FF8BDAB0A3C}.Debug|Any CPU.ActiveCfg = Debug|Any CPU
		{FC0E2E6C-4D15-4860-BB75-2FF8BDAB0A3C}.Debug|Any CPU.Build.0 = Debug|Any CPU
		{FC0E2E6C-4D15-4860-BB75-2FF8BDAB0A3C}.Release|Any CPU.ActiveCfg = Release|Any CPU
		{FC0E2E6C-4D15-4860-BB75-2FF8BDAB0A3C}.Release|Any CPU.Build.0 = Release|Any CPU
		{BE54A296-5C70-42E4-9A52-14D72440054F}.Debug|Any CPU.ActiveCfg = Debug|Any CPU
		{BE54A296-5C70-42E4-9A52-14D72440054F}.Debug|Any CPU.Build.0 = Debug|Any CPU
		{BE54A296-5C70-42E4-9A52-14D72440054F}.Release|Any CPU.ActiveCfg = Release|Any CPU
		{BE54A296-5C70-42E4-9A52-14D72440054F}.Release|Any CPU.Build.0 = Release|Any CPU
	EndGlobalSection
	GlobalSection(SolutionProperties) = preSolution
		HideSolutionNode = FALSE
	EndGlobalSection
	GlobalSection(ExtensibilityGlobals) = postSolution
		SolutionGuid = {FB8DCF76-464A-442B-973A-62587440A10F}
	EndGlobalSection
EndGlobal
